
Microsoft Visual Studio Solution File, Format Version 12.00
# Visual Studio Version 17
VisualStudioVersion = 17.4.33403.182
MinimumVisualStudioVersion = 10.0.40219.1
Project("{FAE04EC0-301F-11D3-BF4B-00C04F79EFBC}") = "Gerando_QRCode", "Gerando_QRCode\Gerando_QRCode.csproj", "{2CEA1D52-3E9C-45C5-84AF-D1D80CA37C49}"
EndProject
Global
	GlobalSection(SolutionConfigurationPlatforms) = preSolution
		Debug|Any CPU = Debug|Any CPU
		Release|Any CPU = Release|Any CPU
	EndGlobalSection
	GlobalSection(ProjectConfigurationPlatforms) = postSolution
		{2CEA1D52-3E9C-45C5-84AF-D1D80CA37C49}.Debug|Any CPU.ActiveCfg = Debug|Any CPU
		{2CEA1D52-3E9C-45C5-84AF-D1D80CA37C49}.Debug|Any CPU.Build.0 = Debug|Any CPU
		{2CEA1D52-3E9C-45C5-84AF-D1D80CA37C49}.Release|Any CPU.ActiveCfg = Release|Any CPU
		{2CEA1D52-3E9C-45C5-84AF-D1D80CA37C49}.Release|Any CPU.Build.0 = Release|Any CPU
	EndGlobalSection
	GlobalSection(SolutionProperties) = preSolution
		HideSolutionNode = FALSE
	EndGlobalSection
	GlobalSection(ExtensibilityGlobals) = postSolution
		SolutionGuid = {CDA766EE-8500-4285-AD4E-1E52A06554DB}
	EndGlobalSection
EndGlobal
